
Microsoft Visual Studio Solution File, Format Version 12.00
# Visual Studio Version 17
VisualStudioVersion = 17.7.34024.191
MinimumVisualStudioVersion = 10.0.40219.1
Project("{FAE04EC0-301F-11D3-BF4B-00C04F79EFBC}") = "ConsoleApp14", "ConsoleApp14\ConsoleApp14.csproj", "{CB9C1587-4DA8-40F6-9DD3-9EA4C9D98802}"
EndProject
Global
	GlobalSection(SolutionConfigurationPlatforms) = preSolution
		Debug|Any CPU = Debug|Any CPU
		Release|Any CPU = Release|Any CPU
	EndGlobalSection
	GlobalSection(ProjectConfigurationPlatforms) = postSolution
		{CB9C1587-4DA8-40F6-9DD3-9EA4C9D98802}.Debug|Any CPU.ActiveCfg = Debug|Any CPU
		{CB9C1587-4DA8-40F6-9DD3-9EA4C9D98802}.Debug|Any CPU.Build.0 = Debug|Any CPU
		{CB9C1587-4DA8-40F6-9DD3-9EA4C9D98802}.Release|Any CPU.ActiveCfg = Release|Any CPU
		{CB9C1587-4DA8-40F6-9DD3-9EA4C9D98802}.Release|Any CPU.Build.0 = Release|Any CPU
	EndGlobalSection
	GlobalSection(SolutionProperties) = preSolution
		HideSolutionNode = FALSE
	EndGlobalSection
	GlobalSection(ExtensibilityGlobals) = postSolution
		SolutionGuid = {556FACF3-F8CD-42A7-9544-72DA4C3BBE14}
	EndGlobalSection
EndGlobal
